
Microsoft Visual Studio Solution File, Format Version 12.00
# Visual Studio Version 16
VisualStudioVersion = 16.0.30320.27
MinimumVisualStudioVersion = 10.0.40219.1
Project("{FAE04EC0-301F-11D3-BF4B-00C04F79EFBC}") = "HMS_Desktop_Mgr", "HMS_Desktop_Mgr\HMS_Desktop_Mgr.csproj", "{2EABBAF2-4C82-4B97-9D5C-C941005C4519}"
EndProject
Global
	GlobalSection(SolutionConfigurationPlatforms) = preSolution
		Debug|Any CPU = Debug|Any CPU
		Release|Any CPU = Release|Any CPU
	EndGlobalSection
	GlobalSection(ProjectConfigurationPlatforms) = postSolution
		{2EABBAF2-4C82-4B97-9D5C-C941005C4519}.Debug|Any CPU.ActiveCfg = Debug|Any CPU
		{2EABBAF2-4C82-4B97-9D5C-C941005C4519}.Debug|Any CPU.Build.0 = Debug|Any CPU
		{2EABBAF2-4C82-4B97-9D5C-C941005C4519}.Release|Any CPU.ActiveCfg = Release|Any CPU
		{2EABBAF2-4C82-4B97-9D5C-C941005C4519}.Release|Any CPU.Build.0 = Release|Any CPU
	EndGlobalSection
	GlobalSection(SolutionProperties) = preSolution
		HideSolutionNode = FALSE
	EndGlobalSection
	GlobalSection(ExtensibilityGlobals) = postSolution
		SolutionGuid = {615C5786-98EA-403C-954F-948B64EC204C}
	EndGlobalSection
EndGlobal
